
Microsoft Visual Studio Solution File, Format Version 12.00
# Visual Studio Version 17
VisualStudioVersion = 17.2.32519.379
MinimumVisualStudioVersion = 10.0.40219.1
Project("{FAE04EC0-301F-11D3-BF4B-00C04F79EFBC}") = "Api", "Api\Api.csproj", "{9A0826A3-E42A-4D84-848D-123587461317}"
EndProject
Project("{FAE04EC0-301F-11D3-BF4B-00C04F79EFBC}") = "DataAccess", "DataAccess\DataAccess.csproj", "{516CC06E-3F3E-4E0C-9D6F-1D384CA4D5A6}"
EndProject
Project("{FAE04EC0-301F-11D3-BF4B-00C04F79EFBC}") = "Services", "Logic\Services.csproj", "{8D4438F8-AC6D-4674-9E8D-6480C1904D24}"
EndProject
Project("{FAE04EC0-301F-11D3-BF4B-00C04F79EFBC}") = "Api.Tests", "Api.Tests\Api.Tests.csproj", "{77743563-1A16-4D28-8EA4-2DCB932DC578}"
EndProject
Project("{FAE04EC0-301F-11D3-BF4B-00C04F79EFBC}") = "Api.Middleware", "Api.Middleware\Api.Middleware.csproj", "{47525D2A-29A8-41C4-9974-BDD647F15790}"
EndProject
Project("{FAE04EC0-301F-11D3-BF4B-00C04F79EFBC}") = "Api.Filters", "Api.Filters\Api.Filters.csproj", "{472C8637-C3BF-4FBF-8D62-889F9BF9CCAB}"
EndProject
Global
	GlobalSection(SolutionConfigurationPlatforms) = preSolution
		Debug|Any CPU = Debug|Any CPU
		Release|Any CPU = Release|Any CPU
	EndGlobalSection
	GlobalSection(ProjectConfigurationPlatforms) = postSolution
		{9A0826A3-E42A-4D84-848D-123587461317}.Debug|Any CPU.ActiveCfg = Debug|Any CPU
		{9A0826A3-E42A-4D84-848D-123587461317}.Debug|Any CPU.Build.0 = Debug|Any CPU
		{9A0826A3-E42A-4D84-848D-123587461317}.Release|Any CPU.ActiveCfg = Release|Any CPU
		{9A0826A3-E42A-4D84-848D-123587461317}.Release|Any CPU.Build.0 = Release|Any CPU
		{516CC06E-3F3E-4E0C-9D6F-1D384CA4D5A6}.Debug|Any CPU.ActiveCfg = Debug|Any CPU
		{516CC06E-3F3E-4E0C-9D6F-1D384CA4D5A6}.Debug|Any CPU.Build.0 = Debug|Any CPU
		{516CC06E-3F3E-4E0C-9D6F-1D384CA4D5A6}.Release|Any CPU.ActiveCfg = Release|Any CPU
		{516CC06E-3F3E-4E0C-9D6F-1D384CA4D5A6}.Release|Any CPU.Build.0 = Release|Any CPU
		{8D4438F8-AC6D-4674-9E8D-6480C1904D24}.Debug|Any CPU.ActiveCfg = Debug|Any CPU
		{8D4438F8-AC6D-4674-9E8D-6480C1904D24}.Debug|Any CPU.Build.0 = Debug|Any CPU
		{8D4438F8-AC6D-4674-9E8D-6480C1904D24}.Release|Any CPU.ActiveCfg = Release|Any CPU
		{8D4438F8-AC6D-4674-9E8D-6480C1904D24}.Release|Any CPU.Build.0 = Release|Any CPU
		{77743563-1A16-4D28-8EA4-2DCB932DC578}.Debug|Any CPU.ActiveCfg = Debug|Any CPU
		{77743563-1A16-4D28-8EA4-2DCB932DC578}.Debug|Any CPU.Build.0 = Debug|Any CPU
		{77743563-1A16-4D28-8EA4-2DCB932DC578}.Release|Any CPU.ActiveCfg = Release|Any CPU
		{77743563-1A16-4D28-8EA4-2DCB932DC578}.Release|Any CPU.Build.0 = Release|Any CPU
		{47525D2A-29A8-41C4-9974-BDD647F15790}.Debug|Any CPU.ActiveCfg = Debug|Any CPU
		{47525D2A-29A8-41C4-9974-BDD647F15790}.Debug|Any CPU.Build.0 = Debug|Any CPU
		{47525D2A-29A8-41C4-9974-BDD647F15790}.Release|Any CPU.ActiveCfg = Release|Any CPU
		{47525D2A-29A8-41C4-9974-BDD647F15790}.Release|Any CPU.Build.0 = Release|Any CPU
		{472C8637-C3BF-4FBF-8D62-889F9BF9CCAB}.Debug|Any CPU.ActiveCfg = Debug|Any CPU
		{472C8637-C3BF-4FBF-8D62-889F9BF9CCAB}.Debug|Any CPU.Build.0 = Debug|Any CPU
		{472C8637-C3BF-4FBF-8D62-889F9BF9CCAB}.Release|Any CPU.ActiveCfg = Release|Any CPU
		{472C8637-C3BF-4FBF-8D62-889F9BF9CCAB}.Release|Any CPU.Build.0 = Release|Any CPU
	EndGlobalSection
	GlobalSection(SolutionProperties) = preSolution
		HideSolutionNode = FALSE
	EndGlobalSection
	GlobalSection(ExtensibilityGlobals) = postSolution
		SolutionGuid = {4C4ABE0B-2BAA-4F3D-9E15-41694420E84E}
	EndGlobalSection
EndGlobal
